<?xml version="1.0" encoding="utf-8"?>
<Project ToolsVersion="4.0" xmlns="http://schemas.microsoft.com/developer/msbuild/2003">
  <ItemGroup>
    <Filter Include="Source Files">
      <UniqueIdentifier>{4FC737F1-C7A5-4376-A066-2A32D752A2FF}</UniqueIdentifier>
      <Extensions>cpp;c;cc;cxx;def;odl;idl;hpj;bat;asm;asmx</Extensions>
    </Filter>
    <Filter Include="Header Files">
      <UniqueIdentifier>{93995380-89BD-4b04-88EB-625FBE52EBFB}</UniqueIdentifier>
      <Extensions>h;hh;hpp;hxx;hm;inl;inc;ipp;xsd</Extensions>
    </Filter>
    <Filter Include="Source Files\Graphics">
      <UniqueIdentifier>{e3ce55b8-870a-4f6f-a299-ee0b369e26c8}</UniqueIdentifier>
    </Filter>
    <Filter Include="Header Files\Graphics">
      <UniqueIdentifier>{b24f0b9a-2aaa-44ce-8206-657ba079c612}</UniqueIdentifier>
    </Filter>
    <Filter Include="Header Files\Events">
      <UniqueIdentifier>{27fee7f4-ecb8-44fc-b1e2-eb3381d7e1b9}</UniqueIdentifier>
    </Filter>
    <Filter Include="Source Files\Events">
      <UniqueIdentifier>{ca749273-5929-41d2-b8d6-a625b69015c9}</UniqueIdentifier>
    </Filter>
    <Filter Include="Header Files\Maths">
      <UniqueIdentifier>{a3c519ac-fcd7-433b-baf4-58b6b26fef8b}</UniqueIdentifier>
    </Filter>
    <Filter Include="Source Files\Maths">
      <UniqueIdentifier>{640eaf86-667f-4c05-bd7b-b18d45810e9c}</UniqueIdentifier>
    </Filter>
    <Filter Include="Source Files\Utils">
      <UniqueIdentifier>{c0a84b75-2ee5-4d03-9490-d6892cb8754e}</UniqueIdentifier>
    </Filter>
    <Filter Include="Header Files\Utils">
      <UniqueIdentifier>{f86a7ee1-9020-498e-a911-739307084294}</UniqueIdentifier>
    </Filter>
    <Filter Include="Source Files\Graphics\Shaders">
      <UniqueIdentifier>{cd601bb5-c3c7-4ba7-a59e-36f1960426b8}</UniqueIdentifier>
    </Filter>
    <Filter Include="Resource Files">
      <UniqueIdentifier>{67DA6AB6-F800-4c08-8B7A-83BB121AAD01}</UniqueIdentifier>
      <Extensions>rc;ico;cur;bmp;dlg;rc2;rct;bin;rgs;gif;jpg;jpeg;jpe;resx;tiff;tif;png;wav;mfcribbon-ms</Extensions>
    </Filter>
    <Filter Include="Header Files\Graphics\Buffers">
      <UniqueIdentifier>{5922b9ee-4969-433c-8fe0-e6a8c1ddb549}</UniqueIdentifier>
    </Filter>
    <Filter Include="Source Files\Graphics\Buffers">
      <UniqueIdentifier>{431bdf8a-01fb-4ab1-91d8-56ce9cb894d0}</UniqueIdentifier>
    </Filter>
    <Filter Include="Header Files\Utils\Image">
      <UniqueIdentifier>{eddfca82-a01e-41d4-bb7a-e9cb357a5e10}</UniqueIdentifier>
    </Filter>
    <Filter Include="Source Files\Utils\Image">
      <UniqueIdentifier>{5ab22819-4a49-4719-b85f-b75dba6a22d5}</UniqueIdentifier>
    </Filter>
  </ItemGroup>
  <ItemGroup>
    <ClCompile Include="main.cpp">
      <Filter>Source Files</Filter>
    </ClCompile>
    <ClCompile Include="Window.cpp">
      <Filter>Source Files\Graphics</Filter>
    </ClCompile>
    <ClCompile Include="Game.cpp">
      <Filter>Source Files</Filter>
    </ClCompile>
    <ClCompile Include="Layer.cpp">
      <Filter>Source Files</Filter>
    </ClCompile>
    <ClCompile Include="Shader.cpp">
      <Filter>Source Files\Graphics</Filter>
    </ClCompile>
    <ClCompile Include="FileLoader.cpp">
      <Filter>Source Files\Utils</Filter>
    </ClCompile>
    <ClCompile Include="Renderer.cpp">
      <Filter>Source Files\Graphics</Filter>
    </ClCompile>
    <ClCompile Include="Renderable.cpp">
      <Filter>Source Files\Graphics</Filter>
    </ClCompile>
    <ClCompile Include="ivec2.cpp">
      <Filter>Source Files\Maths</Filter>
    </ClCompile>
    <ClCompile Include="ivec3.cpp">
      <Filter>Source Files\Maths</Filter>
    </ClCompile>
    <ClCompile Include="ivec4.cpp">
      <Filter>Source Files\Maths</Filter>
    </ClCompile>
    <ClCompile Include="fvec2.cpp">
      <Filter>Source Files\Maths</Filter>
    </ClCompile>
    <ClCompile Include="fvec3.cpp">
      <Filter>Source Files\Maths</Filter>
    </ClCompile>
    <ClCompile Include="fvec4.cpp">
      <Filter>Source Files\Maths</Filter>
    </ClCompile>
    <ClCompile Include="mat4f.cpp">
      <Filter>Source Files\Maths</Filter>
    </ClCompile>
    <ClCompile Include="ImageLoader.cpp">
      <Filter>Source Files\Utils\Image</Filter>
    </ClCompile>
    <ClCompile Include="VertexBuffer.cpp">
      <Filter>Source Files\Graphics\Buffers</Filter>
    </ClCompile>
    <ClCompile Include="SimpleSprite.cpp">
      <Filter>Source Files\Graphics</Filter>
    </ClCompile>
    <ClCompile Include="EventCaller.cpp">
      <Filter>Source Files</Filter>
    </ClCompile>
    <ClCompile Include="OPEvent.cpp">
      <Filter>Source Files\Events</Filter>
    </ClCompile>
    <ClCompile Include="ImageAtlas.cpp">
      <Filter>Source Files\Utils\Image</Filter>
    </ClCompile>
  </ItemGroup>
  <ItemGroup>
    <ClInclude Include="Window.h">
      <Filter>Header Files\Graphics</Filter>
    </ClInclude>
    <ClInclude Include="Game.h">
      <Filter>Header Files</Filter>
    </ClInclude>
    <ClInclude Include="Layer.h">
      <Filter>Header Files</Filter>
    </ClInclude>
    <ClInclude Include="Shader.h">
      <Filter>Header Files\Graphics</Filter>
    </ClInclude>
    <ClInclude Include="FileLoader.h">
      <Filter>Header Files\Utils</Filter>
    </ClInclude>
    <ClInclude Include="Renderer.h">
      <Filter>Header Files\Graphics</Filter>
    </ClInclude>
    <ClInclude Include="Renderable.h">
      <Filter>Header Files\Graphics</Filter>
    </ClInclude>
    <ClInclude Include="ivec2.h">
      <Filter>Header Files\Maths</Filter>
    </ClInclude>
    <ClInclude Include="ivec3.h">
      <Filter>Header Files\Maths</Filter>
    </ClInclude>
    <ClInclude Include="fvec2.h">
      <Filter>Header Files\Maths</Filter>
    </ClInclude>
    <ClInclude Include="fvec3.h">
      <Filter>Header Files\Maths</Filter>
    </ClInclude>
    <ClInclude Include="fvec4.h">
      <Filter>Header Files\Maths</Filter>
    </ClInclude>
    <ClInclude Include="ivec4.h">
      <Filter>Header Files\Maths</Filter>
    </ClInclude>
    <ClInclude Include="OPMath.h">
      <Filter>Header Files\Maths</Filter>
    </ClInclude>
    <ClInclude Include="VertexBuffer.h">
      <Filter>Header Files\Graphics\Buffers</Filter>
    </ClInclude>
    <ClInclude Include="mat4f.h">
      <Filter>Header Files\Maths</Filter>
    </ClInclude>
    <ClInclude Include="ImageLoader.h">
      <Filter>Header Files\Utils\Image</Filter>
    </ClInclude>
    <ClInclude Include="SimpleSprite.h">
      <Filter>Header Files\Graphics</Filter>
    </ClInclude>
    <ClInclude Include="EventListener.h">
      <Filter>Header Files\Events</Filter>
    </ClInclude>
    <ClInclude Include="OPEvent.h">
      <Filter>Header Files\Events</Filter>
    </ClInclude>
    <ClInclude Include="EventCaller.h">
      <Filter>Header Files\Events</Filter>
    </ClInclude>
    <ClInclude Include="ImageAtlas.h">
      <Filter>Header Files\Utils\Image</Filter>
    </ClInclude>
    <ClInclude Include="DataStructure.h">
      <Filter>Header Files\Utils</Filter>
    </ClInclude>
    <ClInclude Include="OPImage.h">
      <Filter>Header Files\Utils\Image</Filter>
    </ClInclude>
  </ItemGroup>
  <ItemGroup>
    <None Include="VertexShader.vert">
      <Filter>Source Files\Graphics\Shaders</Filter>
    </None>
    <None Include="FragShader.frag">
      <Filter>Source Files\Graphics\Shaders</Filter>
    </None>
  </ItemGroup>
  <ItemGroup>
    <Image Include="..\res\Grass clone.png">
      <Filter>Resource Files</Filter>
    </Image>
    <Image Include="..\res\New Piskel (1).png">
      <Filter>Resource Files</Filter>
    </Image>
  </ItemGroup>
  <ItemGroup>
    <Text Include="TODO.txt">
      <Filter>Resource Files</Filter>
    </Text>
  </ItemGroup>
</Project>